
Microsoft Visual Studio Solution File, Format Version 12.00
# Visual Studio Version 17
VisualStudioVersion = 17.11.35312.102
MinimumVisualStudioVersion = 10.0.40219.1
Project("{FAE04EC0-301F-11D3-BF4B-00C04F79EFBC}") = "RolodexApp", "RolodexApp\RolodexApp.csproj", "{0CCA2048-268B-4C65-B60E-3C441D604935}"
EndProject
Global
	GlobalSection(SolutionConfigurationPlatforms) = preSolution
		Debug|Any CPU = Debug|Any CPU
		Release|Any CPU = Release|Any CPU
	EndGlobalSection
	GlobalSection(ProjectConfigurationPlatforms) = postSolution
		{0CCA2048-268B-4C65-B60E-3C441D604935}.Debug|Any CPU.ActiveCfg = Debug|Any CPU
		{0CCA2048-268B-4C65-B60E-3C441D604935}.Debug|Any CPU.Build.0 = Debug|Any CPU
		{0CCA2048-268B-4C65-B60E-3C441D604935}.Release|Any CPU.ActiveCfg = Release|Any CPU
		{0CCA2048-268B-4C65-B60E-3C441D604935}.Release|Any CPU.Build.0 = Release|Any CPU
	EndGlobalSection
	GlobalSection(SolutionProperties) = preSolution
		HideSolutionNode = FALSE
	EndGlobalSection
	GlobalSection(ExtensibilityGlobals) = postSolution
		SolutionGuid = {2CD6570A-319F-401E-8206-7C4AF8B93E21}
	EndGlobalSection
EndGlobal
